// !$*UTF8*$!
{
	archiveVersion = 1;
	classes = {
	};
	objectVersion = 77;
	objects = {

/* Begin PBXBuildFile section */
		6762A6972ED71DDE006E5BB9 /* DesignSystem in Frameworks */ = {isa = PBXBuildFile; productRef = 6762A6962ED71DDE006E5BB9 /* DesignSystem */; };
		6762A6992ED71DEA006E5BB9 /* Chat in Frameworks */ = {isa = PBXBuildFile; productRef = 6762A6982ED71DEA006E5BB9 /* Chat */; };
		6762A7232ED77792006E5BB9 /* FactoryKit in Frameworks */ = {isa = PBXBuildFile; productRef = 6762A7222ED77792006E5BB9 /* FactoryKit */; };
		6762A7252ED77792006E5BB9 /* FactoryTesting in Frameworks */ = {isa = PBXBuildFile; productRef = 6762A7242ED77792006E5BB9 /* FactoryTesting */; };
		6770FF242ED64BEA00DAC551 /* Core in Frameworks */ = {isa = PBXBuildFile; productRef = 6770FF232ED64BEA00DAC551 /* Core */; };
		677BA0042ED70940000C44ED /* Persistence in Frameworks */ = {isa = PBXBuildFile; productRef = 677BA0032ED70940000C44ED /* Persistence */; };
		6797C7E62ED8CD6400121193 /* AppDI in Frameworks */ = {isa = PBXBuildFile; productRef = 6797C7E52ED8CD6400121193 /* AppDI */; };
		67BDA6F42ED708420085C8DB /* Home in Frameworks */ = {isa = PBXBuildFile; productRef = 67BDA6F32ED708420085C8DB /* Home */; };
/* End PBXBuildFile section */

/* Begin PBXContainerItemProxy section */
		67F95E142ED6354C006BBC91 /* PBXContainerItemProxy */ = {
			isa = PBXContainerItemProxy;
			containerPortal = 67F95DF92ED6354A006BBC91 /* Project object */;
			proxyType = 1;
			remoteGlobalIDString = 67F95E002ED6354A006BBC91;
			remoteInfo = JustDone;
		};
/* End PBXContainerItemProxy section */

/* Begin PBXFileReference section */
		67F95E012ED6354A006BBC91 /* JustDone.app */ = {isa = PBXFileReference; explicitFileType = wrapper.application; includeInIndex = 0; path = JustDone.app; sourceTree = BUILT_PRODUCTS_DIR; };
		67F95E132ED6354C006BBC91 /* JustDoneTests.xctest */ = {isa = PBXFileReference; explicitFileType = wrapper.cfbundle; includeInIndex = 0; path = JustDoneTests.xctest; sourceTree = BUILT_PRODUCTS_DIR; };
/* End PBXFileReference section */

/* Begin PBXFileSystemSynchronizedRootGroup section */
		67F95E032ED6354A006BBC91 /* JustDone */ = {
			isa = PBXFileSystemSynchronizedRootGroup;
			path = JustDone;
			sourceTree = "<group>";
		};
		67F95E162ED6354C006BBC91 /* JustDoneTests */ = {
			isa = PBXFileSystemSynchronizedRootGroup;
			path = JustDoneTests;
			sourceTree = "<group>";
		};
/* End PBXFileSystemSynchronizedRootGroup section */

/* Begin PBXFrameworksBuildPhase section */
		67F95DFE2ED6354A006BBC91 /* Frameworks */ = {
			isa = PBXFrameworksBuildPhase;
			buildActionMask = 2147483647;
			files = (
				6762A6972ED71DDE006E5BB9 /* DesignSystem in Frameworks */,
				6797C7E62ED8CD6400121193 /* AppDI in Frameworks */,
				677BA0042ED70940000C44ED /* Persistence in Frameworks */,
				6762A7232ED77792006E5BB9 /* FactoryKit in Frameworks */,
				6770FF242ED64BEA00DAC551 /* Core in Frameworks */,
				6762A6992ED71DEA006E5BB9 /* Chat in Frameworks */,
				67BDA6F42ED708420085C8DB /* Home in Frameworks */,
			);
			runOnlyForDeploymentPostprocessing = 0;
		};
		67F95E102ED6354C006BBC91 /* Frameworks */ = {
			isa = PBXFrameworksBuildPhase;
			buildActionMask = 2147483647;
			files = (
				6762A7252ED77792006E5BB9 /* FactoryTesting in Frameworks */,
			);
			runOnlyForDeploymentPostprocessing = 0;
		};
/* End PBXFrameworksBuildPhase section */

/* Begin PBXGroup section */
		6797C7A72ED8C5CB00121193 /* Frameworks */ = {
			isa = PBXGroup;
			children = (
			);
			name = Frameworks;
			sourceTree = "<group>";
		};
		67F95DF82ED6354A006BBC91 = {
			isa = PBXGroup;
			children = (
				67F95E032ED6354A006BBC91 /* JustDone */,
				67F95E162ED6354C006BBC91 /* JustDoneTests */,
				6797C7A72ED8C5CB00121193 /* Frameworks */,
				67F95E022ED6354A006BBC91 /* Products */,
			);
			sourceTree = "<group>";
		};
		67F95E022ED6354A006BBC91 /* Products */ = {
			isa = PBXGroup;
			children = (
				67F95E012ED6354A006BBC91 /* JustDone.app */,
				67F95E132ED6354C006BBC91 /* JustDoneTests.xctest */,
			);
			name = Products;
			sourceTree = "<group>";
		};
/* End PBXGroup section */

/* Begin PBXNativeTarget section */
		67F95E002ED6354A006BBC91 /* JustDone */ = {
			isa = PBXNativeTarget;
			buildConfigurationList = 67F95E272ED6354C006BBC91 /* Build configuration list for PBXNativeTarget "JustDone" */;
			buildPhases = (
				67F95DFD2ED6354A006BBC91 /* Sources */,
				67F95DFE2ED6354A006BBC91 /* Frameworks */,
				67F95DFF2ED6354A006BBC91 /* Resources */,
			);
			buildRules = (
			);
			dependencies = (
			);
			fileSystemSynchronizedGroups = (
				67F95E032ED6354A006BBC91 /* JustDone */,
			);
			name = JustDone;
			packageProductDependencies = (
				6770FF232ED64BEA00DAC551 /* Core */,
				67BDA6F32ED708420085C8DB /* Home */,
				677BA0032ED70940000C44ED /* Persistence */,
				6762A6962ED71DDE006E5BB9 /* DesignSystem */,
				6762A6982ED71DEA006E5BB9 /* Chat */,
				6762A7222ED77792006E5BB9 /* FactoryKit */,
				6797C7E52ED8CD6400121193 /* AppDI */,
			);
			productName = JustDone;
			productReference = 67F95E012ED6354A006BBC91 /* JustDone.app */;
			productType = "com.apple.product-type.application";
		};
		67F95E122ED6354C006BBC91 /* JustDoneTests */ = {
			isa = PBXNativeTarget;
			buildConfigurationList = 67F95E2A2ED6354C006BBC91 /* Build configuration list for PBXNativeTarget "JustDoneTests" */;
			buildPhases = (
				67F95E0F2ED6354C006BBC91 /* Sources */,
				67F95E102ED6354C006BBC91 /* Frameworks */,
				67F95E112ED6354C006BBC91 /* Resources */,
			);
			buildRules = (
			);
			dependencies = (
				67F95E152ED6354C006BBC91 /* PBXTargetDependency */,
			);
			fileSystemSynchronizedGroups = (
				67F95E162ED6354C006BBC91 /* JustDoneTests */,
			);
			name = JustDoneTests;
			packageProductDependencies = (
				6762A7242ED77792006E5BB9 /* FactoryTesting */,
			);
			productName = JustDoneTests;
			productReference = 67F95E132ED6354C006BBC91 /* JustDoneTests.xctest */;
			productType = "com.apple.product-type.bundle.unit-test";
		};
/* End PBXNativeTarget section */

/* Begin PBXProject section */
		67F95DF92ED6354A006BBC91 /* Project object */ = {
			isa = PBXProject;
			attributes = {
				BuildIndependentTargetsInParallel = 1;
				LastSwiftUpdateCheck = 2600;
				LastUpgradeCheck = 2600;
				TargetAttributes = {
					67F95E002ED6354A006BBC91 = {
						CreatedOnToolsVersion = 26.0;
						LastSwiftMigration = 2600;
					};
					67F95E122ED6354C006BBC91 = {
						CreatedOnToolsVersion = 26.0;
						TestTargetID = 67F95E002ED6354A006BBC91;
					};
				};
			};
			buildConfigurationList = 67F95DFC2ED6354A006BBC91 /* Build configuration list for PBXProject "JustDone" */;
			developmentRegion = en;
			hasScannedForEncodings = 0;
			knownRegions = (
				en,
				Base,
			);
			mainGroup = 67F95DF82ED6354A006BBC91;
			minimizedProjectReferenceProxies = 1;
			packageReferences = (
				6762A7212ED77792006E5BB9 /* XCRemoteSwiftPackageReference "Factory" */,
			);
			preferredProjectObjectVersion = 77;
			productRefGroup = 67F95E022ED6354A006BBC91 /* Products */;
			projectDirPath = "";
			projectRoot = "";
			targets = (
				67F95E002ED6354A006BBC91 /* JustDone */,
				67F95E122ED6354C006BBC91 /* JustDoneTests */,
			);
		};
/* End PBXProject section */

/* Begin PBXResourcesBuildPhase section */
		67F95DFF2ED6354A006BBC91 /* Resources */ = {
			isa = PBXResourcesBuildPhase;
			buildActionMask = 2147483647;
			files = (
			);
			runOnlyForDeploymentPostprocessing = 0;
		};
		67F95E112ED6354C006BBC91 /* Resources */ = {
			isa = PBXResourcesBuildPhase;
			buildActionMask = 2147483647;
			files = (
			);
			runOnlyForDeploymentPostprocessing = 0;
		};
/* End PBXResourcesBuildPhase section */

/* Begin PBXSourcesBuildPhase section */
		67F95DFD2ED6354A006BBC91 /* Sources */ = {
			isa = PBXSourcesBuildPhase;
			buildActionMask = 2147483647;
			files = (
			);
			runOnlyForDeploymentPostprocessing = 0;
		};
		67F95E0F2ED6354C006BBC91 /* Sources */ = {
			isa = PBXSourcesBuildPhase;
			buildActionMask = 2147483647;
			files = (
			);
			runOnlyForDeploymentPostprocessing = 0;
		};
/* End PBXSourcesBuildPhase section */

/* Begin PBXTargetDependency section */
		67F95E152ED6354C006BBC91 /* PBXTargetDependency */ = {
			isa = PBXTargetDependency;
			target = 67F95E002ED6354A006BBC91 /* JustDone */;
			targetProxy = 67F95E142ED6354C006BBC91 /* PBXContainerItemProxy */;
		};
/* End PBXTargetDependency section */

/* Begin XCBuildConfiguration section */
		67F95E252ED6354C006BBC91 /* Debug */ = {
			isa = XCBuildConfiguration;
			buildSettings = {
				ALWAYS_EMBED_SWIFT_STANDARD_LIBRARIES = YES;
				ALWAYS_SEARCH_USER_PATHS = NO;
				ASSETCATALOG_COMPILER_GENERATE_SWIFT_ASSET_SYMBOL_EXTENSIONS = YES;
				CLANG_ANALYZER_NONNULL = YES;
				CLANG_ANALYZER_NUMBER_OBJECT_CONVERSION = YES_AGGRESSIVE;
				CLANG_CXX_LANGUAGE_STANDARD = "gnu++20";
				CLANG_ENABLE_MODULES = YES;
				CLANG_ENABLE_OBJC_ARC = YES;
				CLANG_ENABLE_OBJC_WEAK = YES;
				CLANG_WARN_BLOCK_CAPTURE_AUTORELEASING = YES;
				CLANG_WARN_BOOL_CONVERSION = YES;
				CLANG_WARN_COMMA = YES;
				CLANG_WARN_CONSTANT_CONVERSION = YES;
				CLANG_WARN_DEPRECATED_OBJC_IMPLEMENTATIONS = YES;
				CLANG_WARN_DIRECT_OBJC_ISA_USAGE = YES_ERROR;
				CLANG_WARN_DOCUMENTATION_COMMENTS = YES;
				CLANG_WARN_EMPTY_BODY = YES;
				CLANG_WARN_ENUM_CONVERSION = YES;
				CLANG_WARN_INFINITE_RECURSION = YES;
				CLANG_WARN_INT_CONVERSION = YES;
				CLANG_WARN_NON_LITERAL_NULL_CONVERSION = YES;
				CLANG_WARN_OBJC_IMPLICIT_RETAIN_SELF = YES;
				CLANG_WARN_OBJC_LITERAL_CONVERSION = YES;
				CLANG_WARN_OBJC_ROOT_CLASS = YES_ERROR;
				CLANG_WARN_QUOTED_INCLUDE_IN_FRAMEWORK_HEADER = YES;
				CLANG_WARN_RANGE_LOOP_ANALYSIS = YES;
				CLANG_WARN_STRICT_PROTOTYPES = YES;
				CLANG_WARN_SUSPICIOUS_MOVE = YES;
				CLANG_WARN_UNGUARDED_AVAILABILITY = YES_AGGRESSIVE;
				CLANG_WARN_UNREACHABLE_CODE = YES;
				CLANG_WARN__DUPLICATE_METHOD_MATCH = YES;
				COPY_PHASE_STRIP = NO;
				DEBUG_INFORMATION_FORMAT = dwarf;
				DEVELOPMENT_TEAM = Q324QP43P5;
				ENABLE_STRICT_OBJC_MSGSEND = YES;
				ENABLE_TESTABILITY = YES;
				ENABLE_USER_SCRIPT_SANDBOXING = YES;
				GCC_C_LANGUAGE_STANDARD = gnu17;
				GCC_DYNAMIC_NO_PIC = NO;
				GCC_NO_COMMON_BLOCKS = YES;
				GCC_OPTIMIZATION_LEVEL = 0;
				GCC_PREPROCESSOR_DEFINITIONS = (
					"DEBUG=1",
					"$(inherited)",
				);
				GCC_WARN_64_TO_32_BIT_CONVERSION = YES;
				GCC_WARN_ABOUT_RETURN_TYPE = YES_ERROR;
				GCC_WARN_UNDECLARED_SELECTOR = YES;
				GCC_WARN_UNINITIALIZED_AUTOS = YES_AGGRESSIVE;
				GCC_WARN_UNUSED_FUNCTION = YES;
				GCC_WARN_UNUSED_VARIABLE = YES;
				IPHONEOS_DEPLOYMENT_TARGET = 26.0;
				LOCALIZATION_PREFERS_STRING_CATALOGS = YES;
				MTL_ENABLE_DEBUG_INFO = INCLUDE_SOURCE;
				MTL_FAST_MATH = YES;
				ONLY_ACTIVE_ARCH = YES;
				SDKROOT = iphoneos;
				SWIFT_ACTIVE_COMPILATION_CONDITIONS = "DEBUG $(inherited)";
				SWIFT_APPROACHABLE_CONCURRENCY = YES;
				SWIFT_OPTIMIZATION_LEVEL = "-Onone";
				SWIFT_STRICT_MEMORY_SAFETY = YES;
				SWIFT_VERSION = 6.0;
			};
			name = Debug;
		};
		67F95E262ED6354C006BBC91 /* Release */ = {
			isa = XCBuildConfiguration;
			buildSettings = {
				ALWAYS_EMBED_SWIFT_STANDARD_LIBRARIES = YES;
				ALWAYS_SEARCH_USER_PATHS = NO;
				ASSETCATALOG_COMPILER_GENERATE_SWIFT_ASSET_SYMBOL_EXTENSIONS = YES;
				CLANG_ANALYZER_NONNULL = YES;
				CLANG_ANALYZER_NUMBER_OBJECT_CONVERSION = YES_AGGRESSIVE;
				CLANG_CXX_LANGUAGE_STANDARD = "gnu++20";
				CLANG_ENABLE_MODULES = YES;
				CLANG_ENABLE_OBJC_ARC = YES;
				CLANG_ENABLE_OBJC_WEAK = YES;
				CLANG_WARN_BLOCK_CAPTURE_AUTORELEASING = YES;
				CLANG_WARN_BOOL_CONVERSION = YES;
				CLANG_WARN_COMMA = YES;
				CLANG_WARN_CONSTANT_CONVERSION = YES;
				CLANG_WARN_DEPRECATED_OBJC_IMPLEMENTATIONS = YES;
				CLANG_WARN_DIRECT_OBJC_ISA_USAGE = YES_ERROR;
				CLANG_WARN_DOCUMENTATION_COMMENTS = YES;
				CLANG_WARN_EMPTY_BODY = YES;
				CLANG_WARN_ENUM_CONVERSION = YES;
				CLANG_WARN_INFINITE_RECURSION = YES;
				CLANG_WARN_INT_CONVERSION = YES;
				CLANG_WARN_NON_LITERAL_NULL_CONVERSION = YES;
				CLANG_WARN_OBJC_IMPLICIT_RETAIN_SELF = YES;
				CLANG_WARN_OBJC_LITERAL_CONVERSION = YES;
				CLANG_WARN_OBJC_ROOT_CLASS = YES_ERROR;
				CLANG_WARN_QUOTED_INCLUDE_IN_FRAMEWORK_HEADER = YES;
				CLANG_WARN_RANGE_LOOP_ANALYSIS = YES;
				CLANG_WARN_STRICT_PROTOTYPES = YES;
				CLANG_WARN_SUSPICIOUS_MOVE = YES;
				CLANG_WARN_UNGUARDED_AVAILABILITY = YES_AGGRESSIVE;
				CLANG_WARN_UNREACHABLE_CODE = YES;
				CLANG_WARN__DUPLICATE_METHOD_MATCH = YES;
				COPY_PHASE_STRIP = NO;
				DEBUG_INFORMATION_FORMAT = "dwarf-with-dsym";
				DEVELOPMENT_TEAM = Q324QP43P5;
				ENABLE_NS_ASSERTIONS = NO;
				ENABLE_STRICT_OBJC_MSGSEND = YES;
				ENABLE_USER_SCRIPT_SANDBOXING = YES;
				GCC_C_LANGUAGE_STANDARD = gnu17;
				GCC_NO_COMMON_BLOCKS = YES;
				GCC_WARN_64_TO_32_BIT_CONVERSION = YES;
				GCC_WARN_ABOUT_RETURN_TYPE = YES_ERROR;
				GCC_WARN_UNDECLARED_SELECTOR = YES;
				GCC_WARN_UNINITIALIZED_AUTOS = YES_AGGRESSIVE;
				GCC_WARN_UNUSED_FUNCTION = YES;
				GCC_WARN_UNUSED_VARIABLE = YES;
				IPHONEOS_DEPLOYMENT_TARGET = 26.0;
				LOCALIZATION_PREFERS_STRING_CATALOGS = YES;
				MTL_ENABLE_DEBUG_INFO = NO;
				MTL_FAST_MATH = YES;
				SDKROOT = iphoneos;
				SWIFT_APPROACHABLE_CONCURRENCY = YES;
				SWIFT_COMPILATION_MODE = wholemodule;
				SWIFT_STRICT_MEMORY_SAFETY = YES;
				SWIFT_VERSION = 6.0;
				VALIDATE_PRODUCT = YES;
			};
			name = Release;
		};
		67F95E282ED6354C006BBC91 /* Debug */ = {
			isa = XCBuildConfiguration;
			buildSettings = {
				ASSETCATALOG_COMPILER_APPICON_NAME = AppIcon;
				ASSETCATALOG_COMPILER_GLOBAL_ACCENT_COLOR_NAME = AccentColor;
				CLANG_ENABLE_MODULES = YES;
				CODE_SIGN_IDENTITY = "Apple Development";
				CODE_SIGN_STYLE = Automatic;
				CURRENT_PROJECT_VERSION = 1;
				DEVELOPMENT_TEAM = Q324QP43P5;
				ENABLE_HARDENED_RUNTIME = NO;
				ENABLE_PREVIEWS = YES;
				GENERATE_INFOPLIST_FILE = YES;
				INFOPLIST_KEY_CFBundleDisplayName = JustDone;
				INFOPLIST_KEY_UIApplicationSceneManifest_Generation = YES;
				INFOPLIST_KEY_UIApplicationSupportsIndirectInputEvents = YES;
				INFOPLIST_KEY_UILaunchScreen_Generation = YES;
				INFOPLIST_KEY_UISupportedInterfaceOrientations = UIInterfaceOrientationPortrait;
				INFOPLIST_KEY_UISupportedInterfaceOrientations_iPad = "UIInterfaceOrientationLandscapeLeft UIInterfaceOrientationLandscapeRight UIInterfaceOrientationPortrait UIInterfaceOrientationPortraitUpsideDown";
				IPHONEOS_DEPLOYMENT_TARGET = 17;
				LD_RUNPATH_SEARCH_PATHS = (
					"$(inherited)",
					"@executable_path/Frameworks",
				);
				MARKETING_VERSION = 1.0;
				PRODUCT_BUNDLE_IDENTIFIER = com.hd.justdone;
				PRODUCT_NAME = "$(TARGET_NAME)";
				PROVISIONING_PROFILE_SPECIFIER = "";
				STRING_CATALOG_GENERATE_SYMBOLS = YES;
				SUPPORTED_PLATFORMS = "iphoneos iphonesimulator";
				SUPPORTS_MACCATALYST = NO;
				SUPPORTS_MAC_DESIGNED_FOR_IPHONE_IPAD = NO;
				SUPPORTS_XR_DESIGNED_FOR_IPHONE_IPAD = NO;
				SWIFT_APPROACHABLE_CONCURRENCY = YES;
				SWIFT_DEFAULT_ACTOR_ISOLATION = MainActor;
				SWIFT_EMIT_LOC_STRINGS = YES;
				SWIFT_OPTIMIZATION_LEVEL = "-Onone";
				SWIFT_UPCOMING_FEATURE_MEMBER_IMPORT_VISIBILITY = YES;
				SWIFT_VERSION = 5.0;
				TARGETED_DEVICE_FAMILY = 1;
			};
			name = Debug;
		};
		67F95E292ED6354C006BBC91 /* Release */ = {
			isa = XCBuildConfiguration;
			buildSettings = {
				ASSETCATALOG_COMPILER_APPICON_NAME = AppIcon;
				ASSETCATALOG_COMPILER_GLOBAL_ACCENT_COLOR_NAME = AccentColor;
				CLANG_ENABLE_MODULES = YES;
				CODE_SIGN_IDENTITY = "Apple Development";
				CODE_SIGN_STYLE = Automatic;
				CURRENT_PROJECT_VERSION = 1;
				DEVELOPMENT_TEAM = Q324QP43P5;
				ENABLE_HARDENED_RUNTIME = NO;
				ENABLE_PREVIEWS = YES;
				GENERATE_INFOPLIST_FILE = YES;
				INFOPLIST_KEY_CFBundleDisplayName = JustDone;
				INFOPLIST_KEY_UIApplicationSceneManifest_Generation = YES;
				INFOPLIST_KEY_UIApplicationSupportsIndirectInputEvents = YES;
				INFOPLIST_KEY_UILaunchScreen_Generation = YES;
				INFOPLIST_KEY_UISupportedInterfaceOrientations = UIInterfaceOrientationPortrait;
				INFOPLIST_KEY_UISupportedInterfaceOrientations_iPad = "UIInterfaceOrientationLandscapeLeft UIInterfaceOrientationLandscapeRight UIInterfaceOrientationPortrait UIInterfaceOrientationPortraitUpsideDown";
				IPHONEOS_DEPLOYMENT_TARGET = 17;
				LD_RUNPATH_SEARCH_PATHS = (
					"$(inherited)",
					"@executable_path/Frameworks",
				);
				MARKETING_VERSION = 1.0;
				PRODUCT_BUNDLE_IDENTIFIER = com.hd.justdone;
				PRODUCT_NAME = "$(TARGET_NAME)";
				PROVISIONING_PROFILE_SPECIFIER = "";
				STRING_CATALOG_GENERATE_SYMBOLS = YES;
				SUPPORTED_PLATFORMS = "iphoneos iphonesimulator";
				SUPPORTS_MACCATALYST = NO;
				SUPPORTS_MAC_DESIGNED_FOR_IPHONE_IPAD = NO;
				SUPPORTS_XR_DESIGNED_FOR_IPHONE_IPAD = NO;
				SWIFT_APPROACHABLE_CONCURRENCY = YES;
				SWIFT_DEFAULT_ACTOR_ISOLATION = MainActor;
				SWIFT_EMIT_LOC_STRINGS = YES;
				SWIFT_UPCOMING_FEATURE_MEMBER_IMPORT_VISIBILITY = YES;
				SWIFT_VERSION = 5.0;
				TARGETED_DEVICE_FAMILY = 1;
			};
			name = Release;
		};
		67F95E2B2ED6354C006BBC91 /* Debug */ = {
			isa = XCBuildConfiguration;
			buildSettings = {
				BUNDLE_LOADER = "$(TEST_HOST)";
				CODE_SIGN_STYLE = Automatic;
				CURRENT_PROJECT_VERSION = 1;
				DEVELOPMENT_TEAM = Q324QP43P5;
				GENERATE_INFOPLIST_FILE = YES;
				IPHONEOS_DEPLOYMENT_TARGET = 26.0;
				MARKETING_VERSION = 1.0;
				PRODUCT_BUNDLE_IDENTIFIER = com.hd.test.JustDoneTests;
				PRODUCT_NAME = "$(TARGET_NAME)";
				STRING_CATALOG_GENERATE_SYMBOLS = NO;
				SWIFT_APPROACHABLE_CONCURRENCY = YES;
				SWIFT_EMIT_LOC_STRINGS = NO;
				SWIFT_UPCOMING_FEATURE_MEMBER_IMPORT_VISIBILITY = YES;
				SWIFT_VERSION = 5.0;
				TARGETED_DEVICE_FAMILY = "1,2";
				TEST_HOST = "$(BUILT_PRODUCTS_DIR)/JustDone.app/$(BUNDLE_EXECUTABLE_FOLDER_PATH)/JustDone";
			};
			name = Debug;
		};
		67F95E2C2ED6354C006BBC91 /* Release */ = {
			isa = XCBuildConfiguration;
			buildSettings = {
				BUNDLE_LOADER = "$(TEST_HOST)";
				CODE_SIGN_STYLE = Automatic;
				CURRENT_PROJECT_VERSION = 1;
				DEVELOPMENT_TEAM = Q324QP43P5;
				GENERATE_INFOPLIST_FILE = YES;
				IPHONEOS_DEPLOYMENT_TARGET = 26.0;
				MARKETING_VERSION = 1.0;
				PRODUCT_BUNDLE_IDENTIFIER = com.hd.test.JustDoneTests;
				PRODUCT_NAME = "$(TARGET_NAME)";
				STRING_CATALOG_GENERATE_SYMBOLS = NO;
				SWIFT_APPROACHABLE_CONCURRENCY = YES;
				SWIFT_EMIT_LOC_STRINGS = NO;
				SWIFT_UPCOMING_FEATURE_MEMBER_IMPORT_VISIBILITY = YES;
				SWIFT_VERSION = 5.0;
				TARGETED_DEVICE_FAMILY = "1,2";
				TEST_HOST = "$(BUILT_PRODUCTS_DIR)/JustDone.app/$(BUNDLE_EXECUTABLE_FOLDER_PATH)/JustDone";
			};
			name = Release;
		};
/* End XCBuildConfiguration section */

/* Begin XCConfigurationList section */
		67F95DFC2ED6354A006BBC91 /* Build configuration list for PBXProject "JustDone" */ = {
			isa = XCConfigurationList;
			buildConfigurations = (
				67F95E252ED6354C006BBC91 /* Debug */,
				67F95E262ED6354C006BBC91 /* Release */,
			);
			defaultConfigurationIsVisible = 0;
			defaultConfigurationName = Release;
		};
		67F95E272ED6354C006BBC91 /* Build configuration list for PBXNativeTarget "JustDone" */ = {
			isa = XCConfigurationList;
			buildConfigurations = (
				67F95E282ED6354C006BBC91 /* Debug */,
				67F95E292ED6354C006BBC91 /* Release */,
			);
			defaultConfigurationIsVisible = 0;
			defaultConfigurationName = Release;
		};
		67F95E2A2ED6354C006BBC91 /* Build configuration list for PBXNativeTarget "JustDoneTests" */ = {
			isa = XCConfigurationList;
			buildConfigurations = (
				67F95E2B2ED6354C006BBC91 /* Debug */,
				67F95E2C2ED6354C006BBC91 /* Release */,
			);
			defaultConfigurationIsVisible = 0;
			defaultConfigurationName = Release;
		};
/* End XCConfigurationList section */

/* Begin XCRemoteSwiftPackageReference section */
		6762A7212ED77792006E5BB9 /* XCRemoteSwiftPackageReference "Factory" */ = {
			isa = XCRemoteSwiftPackageReference;
			repositoryURL = "https://github.com/hmlongco/Factory";
			requirement = {
				kind = upToNextMajorVersion;
				minimumVersion = 2.5.3;
			};
		};
/* End XCRemoteSwiftPackageReference section */

/* Begin XCSwiftPackageProductDependency section */
		6762A6962ED71DDE006E5BB9 /* DesignSystem */ = {
			isa = XCSwiftPackageProductDependency;
			productName = DesignSystem;
		};
		6762A6982ED71DEA006E5BB9 /* Chat */ = {
			isa = XCSwiftPackageProductDependency;
			productName = Chat;
		};
		6762A7222ED77792006E5BB9 /* FactoryKit */ = {
			isa = XCSwiftPackageProductDependency;
			package = 6762A7212ED77792006E5BB9 /* XCRemoteSwiftPackageReference "Factory" */;
			productName = FactoryKit;
		};
		6762A7242ED77792006E5BB9 /* FactoryTesting */ = {
			isa = XCSwiftPackageProductDependency;
			package = 6762A7212ED77792006E5BB9 /* XCRemoteSwiftPackageReference "Factory" */;
			productName = FactoryTesting;
		};
		6770FF232ED64BEA00DAC551 /* Core */ = {
			isa = XCSwiftPackageProductDependency;
			productName = Core;
		};
		677BA0032ED70940000C44ED /* Persistence */ = {
			isa = XCSwiftPackageProductDependency;
			productName = Persistence;
		};
		6797C7E52ED8CD6400121193 /* AppDI */ = {
			isa = XCSwiftPackageProductDependency;
			productName = AppDI;
		};
		67BDA6F32ED708420085C8DB /* Home */ = {
			isa = XCSwiftPackageProductDependency;
			productName = Home;
		};
/* End XCSwiftPackageProductDependency section */
	};
	rootObject = 67F95DF92ED6354A006BBC91 /* Project object */;
}
